// !$*UTF8*$!
{
	archiveVersion = 1;
	classes = {
	};
	objectVersion = 56;
	objects = {

/* Begin PBXBuildFile section */
		5F028CBE291651EF00C15C7C /* AppDelegate.swift in Sources */ = {isa = PBXBuildFile; fileRef = 5F028CBD291651EF00C15C7C /* AppDelegate.swift */; };
		5F028CC0291651EF00C15C7C /* SceneDelegate.swift in Sources */ = {isa = PBXBuildFile; fileRef = 5F028CBF291651EF00C15C7C /* SceneDelegate.swift */; };
		5F028CC2291651EF00C15C7C /* MainViewController.swift in Sources */ = {isa = PBXBuildFile; fileRef = 5F028CC1291651EF00C15C7C /* MainViewController.swift */; };
		5F028CC5291651EF00C15C7C /* Main.storyboard in Resources */ = {isa = PBXBuildFile; fileRef = 5F028CC3291651EF00C15C7C /* Main.storyboard */; };
		5F028CC7291651F000C15C7C /* Assets.xcassets in Resources */ = {isa = PBXBuildFile; fileRef = 5F028CC6291651F000C15C7C /* Assets.xcassets */; };
		5F028CCA291651F000C15C7C /* LaunchScreen.storyboard in Resources */ = {isa = PBXBuildFile; fileRef = 5F028CC8291651F000C15C7C /* LaunchScreen.storyboard */; };
		5F028CD229166A7100C15C7C /* LogOutViewController.swift in Sources */ = {isa = PBXBuildFile; fileRef = 5F028CD129166A7100C15C7C /* LogOutViewController.swift */; };
		5F5B6871291B751C00262442 /* DataForUser.swift in Sources */ = {isa = PBXBuildFile; fileRef = 5F5B6870291B751C00262442 /* DataForUser.swift */; };
		5F742DBF291BCFAA00C8D435 /* UserViewController.swift in Sources */ = {isa = PBXBuildFile; fileRef = 5F742DBE291BCFAA00C8D435 /* UserViewController.swift */; };
		5F742DC1291BCFCE00C8D435 /* PhotoViewController.swift in Sources */ = {isa = PBXBuildFile; fileRef = 5F742DC0291BCFCE00C8D435 /* PhotoViewController.swift */; };
		5F742DC3291BCFE500C8D435 /* InfoViewController.swift in Sources */ = {isa = PBXBuildFile; fileRef = 5F742DC2291BCFE500C8D435 /* InfoViewController.swift */; };
		5F742DC5291BE07600C8D435 /* Person.swift in Sources */ = {isa = PBXBuildFile; fileRef = 5F742DC4291BE07600C8D435 /* Person.swift */; };
/* End PBXBuildFile section */

/* Begin PBXFileReference section */
		5F028CBA291651EF00C15C7C /* LogInHomeWork6.app */ = {isa = PBXFileReference; explicitFileType = wrapper.application; includeInIndex = 0; path = LogInHomeWork6.app; sourceTree = BUILT_PRODUCTS_DIR; };
		5F028CBD291651EF00C15C7C /* AppDelegate.swift */ = {isa = PBXFileReference; lastKnownFileType = sourcecode.swift; path = AppDelegate.swift; sourceTree = "<group>"; };
		5F028CBF291651EF00C15C7C /* SceneDelegate.swift */ = {isa = PBXFileReference; lastKnownFileType = sourcecode.swift; path = SceneDelegate.swift; sourceTree = "<group>"; };
		5F028CC1291651EF00C15C7C /* MainViewController.swift */ = {isa = PBXFileReference; lastKnownFileType = sourcecode.swift; path = MainViewController.swift; sourceTree = "<group>"; };
		5F028CC4291651EF00C15C7C /* Base */ = {isa = PBXFileReference; lastKnownFileType = file.storyboard; name = Base; path = Base.lproj/Main.storyboard; sourceTree = "<group>"; };
		5F028CC6291651F000C15C7C /* Assets.xcassets */ = {isa = PBXFileReference; lastKnownFileType = folder.assetcatalog; path = Assets.xcassets; sourceTree = "<group>"; };
		5F028CC9291651F000C15C7C /* Base */ = {isa = PBXFileReference; lastKnownFileType = file.storyboard; name = Base; path = Base.lproj/LaunchScreen.storyboard; sourceTree = "<group>"; };
		5F028CCB291651F000C15C7C /* Info.plist */ = {isa = PBXFileReference; lastKnownFileType = text.plist.xml; path = Info.plist; sourceTree = "<group>"; };
		5F028CD129166A7100C15C7C /* LogOutViewController.swift */ = {isa = PBXFileReference; lastKnownFileType = sourcecode.swift; path = LogOutViewController.swift; sourceTree = "<group>"; };
		5F5B6870291B751C00262442 /* DataForUser.swift */ = {isa = PBXFileReference; lastKnownFileType = sourcecode.swift; path = DataForUser.swift; sourceTree = "<group>"; };
		5F742DBE291BCFAA00C8D435 /* UserViewController.swift */ = {isa = PBXFileReference; lastKnownFileType = sourcecode.swift; path = UserViewController.swift; sourceTree = "<group>"; };
		5F742DC0291BCFCE00C8D435 /* PhotoViewController.swift */ = {isa = PBXFileReference; lastKnownFileType = sourcecode.swift; path = PhotoViewController.swift; sourceTree = "<group>"; };
		5F742DC2291BCFE500C8D435 /* InfoViewController.swift */ = {isa = PBXFileReference; lastKnownFileType = sourcecode.swift; path = InfoViewController.swift; sourceTree = "<group>"; };
		5F742DC4291BE07600C8D435 /* Person.swift */ = {isa = PBXFileReference; lastKnownFileType = sourcecode.swift; path = Person.swift; sourceTree = "<group>"; };
/* End PBXFileReference section */

/* Begin PBXFrameworksBuildPhase section */
		5F028CB7291651EF00C15C7C /* Frameworks */ = {
			isa = PBXFrameworksBuildPhase;
			buildActionMask = 2147483647;
			files = (
			);
			runOnlyForDeploymentPostprocessing = 0;
		};
/* End PBXFrameworksBuildPhase section */

/* Begin PBXGroup section */
		5F028CB1291651EF00C15C7C = {
			isa = PBXGroup;
			children = (
				5F028CBC291651EF00C15C7C /* LogInHomeWork6 */,
				5F028CBB291651EF00C15C7C /* Products */,
			);
			sourceTree = "<group>";
		};
		5F028CBB291651EF00C15C7C /* Products */ = {
			isa = PBXGroup;
			children = (
				5F028CBA291651EF00C15C7C /* LogInHomeWork6.app */,
			);
			name = Products;
			sourceTree = "<group>";
		};
		5F028CBC291651EF00C15C7C /* LogInHomeWork6 */ = {
			isa = PBXGroup;
			children = (
				5F5B6872291B754000262442 /* App */,
				5F5B6873291B756400262442 /* ViewControllers */,
				5F5B6875291B759A00262442 /* Models */,
				5F5B6874291B758600262442 /* StoryBoards */,
				5F5B6876291B75A400262442 /* Resources */,
			);
			path = LogInHomeWork6;
			sourceTree = "<group>";
		};
		5F5B6872291B754000262442 /* App */ = {
			isa = PBXGroup;
			children = (
				5F028CBD291651EF00C15C7C /* AppDelegate.swift */,
				5F028CBF291651EF00C15C7C /* SceneDelegate.swift */,
				5F028CCB291651F000C15C7C /* Info.plist */,
			);
			path = App;
			sourceTree = "<group>";
		};
		5F5B6873291B756400262442 /* ViewControllers */ = {
			isa = PBXGroup;
			children = (
				5F028CC1291651EF00C15C7C /* MainViewController.swift */,
				5F028CD129166A7100C15C7C /* LogOutViewController.swift */,
				5F742DBE291BCFAA00C8D435 /* UserViewController.swift */,
				5F742DC0291BCFCE00C8D435 /* PhotoViewController.swift */,
				5F742DC2291BCFE500C8D435 /* InfoViewController.swift */,
			);
			path = ViewControllers;
			sourceTree = "<group>";
		};
		5F5B6874291B758600262442 /* StoryBoards */ = {
			isa = PBXGroup;
			children = (
				5F028CC3291651EF00C15C7C /* Main.storyboard */,
				5F028CC8291651F000C15C7C /* LaunchScreen.storyboard */,
			);
			path = StoryBoards;
			sourceTree = "<group>";
		};
		5F5B6875291B759A00262442 /* Models */ = {
			isa = PBXGroup;
			children = (
				5F5B6870291B751C00262442 /* DataForUser.swift */,
				5F742DC4291BE07600C8D435 /* Person.swift */,
			);
			path = Models;
			sourceTree = "<group>";
		};
		5F5B6876291B75A400262442 /* Resources */ = {
			isa = PBXGroup;
			children = (
				5F028CC6291651F000C15C7C /* Assets.xcassets */,
			);
			path = Resources;
			sourceTree = "<group>";
		};
/* End PBXGroup section */

/* Begin PBXNativeTarget section */
		5F028CB9291651EF00C15C7C /* LogInHomeWork6 */ = {
			isa = PBXNativeTarget;
			buildConfigurationList = 5F028CCE291651F000C15C7C /* Build configuration list for PBXNativeTarget "LogInHomeWork6" */;
			buildPhases = (
				5F028CB6291651EF00C15C7C /* Sources */,
				5F028CB7291651EF00C15C7C /* Frameworks */,
				5F028CB8291651EF00C15C7C /* Resources */,
			);
			buildRules = (
			);
			dependencies = (
			);
			name = LogInHomeWork6;
			productName = LogInHomeWork6;
			productReference = 5F028CBA291651EF00C15C7C /* LogInHomeWork6.app */;
			productType = "com.apple.product-type.application";
		};
/* End PBXNativeTarget section */

/* Begin PBXProject section */
		5F028CB2291651EF00C15C7C /* Project object */ = {
			isa = PBXProject;
			attributes = {
				BuildIndependentTargetsInParallel = 1;
				LastSwiftUpdateCheck = 1410;
				LastUpgradeCheck = 1410;
				TargetAttributes = {
					5F028CB9291651EF00C15C7C = {
						CreatedOnToolsVersion = 14.1;
					};
				};
			};
			buildConfigurationList = 5F028CB5291651EF00C15C7C /* Build configuration list for PBXProject "LogInHomeWork6" */;
			compatibilityVersion = "Xcode 14.0";
			developmentRegion = en;
			hasScannedForEncodings = 0;
			knownRegions = (
				en,
				Base,
			);
			mainGroup = 5F028CB1291651EF00C15C7C;
			productRefGroup = 5F028CBB291651EF00C15C7C /* Products */;
			projectDirPath = "";
			projectRoot = "";
			targets = (
				5F028CB9291651EF00C15C7C /* LogInHomeWork6 */,
			);
		};
/* End PBXProject section */

/* Begin PBXResourcesBuildPhase section */
		5F028CB8291651EF00C15C7C /* Resources */ = {
			isa = PBXResourcesBuildPhase;
			buildActionMask = 2147483647;
			files = (
				5F028CCA291651F000C15C7C /* LaunchScreen.storyboard in Resources */,
				5F028CC7291651F000C15C7C /* Assets.xcassets in Resources */,
				5F028CC5291651EF00C15C7C /* Main.storyboard in Resources */,
			);
			runOnlyForDeploymentPostprocessing = 0;
		};
/* End PBXResourcesBuildPhase section */

/* Begin PBXSourcesBuildPhase section */
		5F028CB6291651EF00C15C7C /* Sources */ = {
			isa = PBXSourcesBuildPhase;
			buildActionMask = 2147483647;
			files = (
				5F028CC2291651EF00C15C7C /* MainViewController.swift in Sources */,
				5F742DBF291BCFAA00C8D435 /* UserViewController.swift in Sources */,
				5F028CBE291651EF00C15C7C /* AppDelegate.swift in Sources */,
				5F5B6871291B751C00262442 /* DataForUser.swift in Sources */,
				5F742DC1291BCFCE00C8D435 /* PhotoViewController.swift in Sources */,
				5F028CD229166A7100C15C7C /* LogOutViewController.swift in Sources */,
				5F742DC5291BE07600C8D435 /* Person.swift in Sources */,
				5F742DC3291BCFE500C8D435 /* InfoViewController.swift in Sources */,
				5F028CC0291651EF00C15C7C /* SceneDelegate.swift in Sources */,
			);
			runOnlyForDeploymentPostprocessing = 0;
		};
/* End PBXSourcesBuildPhase section */

/* Begin PBXVariantGroup section */
		5F028CC3291651EF00C15C7C /* Main.storyboard */ = {
			isa = PBXVariantGroup;
			children = (
				5F028CC4291651EF00C15C7C /* Base */,
			);
			name = Main.storyboard;
			sourceTree = "<group>";
		};
		5F028CC8291651F000C15C7C /* LaunchScreen.storyboard */ = {
			isa = PBXVariantGroup;
			children = (
				5F028CC9291651F000C15C7C /* Base */,
			);
			name = LaunchScreen.storyboard;
			sourceTree = "<group>";
		};
/* End PBXVariantGroup section */

/* Begin XCBuildConfiguration section */
		5F028CCC291651F000C15C7C /* Debug */ = {
			isa = XCBuildConfiguration;
			buildSettings = {
				ALWAYS_SEARCH_USER_PATHS = NO;
				CLANG_ANALYZER_NONNULL = YES;
				CLANG_ANALYZER_NUMBER_OBJECT_CONVERSION = YES_AGGRESSIVE;
				CLANG_CXX_LANGUAGE_STANDARD = "gnu++20";
				CLANG_ENABLE_MODULES = YES;
				CLANG_ENABLE_OBJC_ARC = YES;
				CLANG_ENABLE_OBJC_WEAK = YES;
				CLANG_WARN_BLOCK_CAPTURE_AUTORELEASING = YES;
				CLANG_WARN_BOOL_CONVERSION = YES;
				CLANG_WARN_COMMA = YES;
				CLANG_WARN_CONSTANT_CONVERSION = YES;
				CLANG_WARN_DEPRECATED_OBJC_IMPLEMENTATIONS = YES;
				CLANG_WARN_DIRECT_OBJC_ISA_USAGE = YES_ERROR;
				CLANG_WARN_DOCUMENTATION_COMMENTS = YES;
				CLANG_WARN_EMPTY_BODY = YES;
				CLANG_WARN_ENUM_CONVERSION = YES;
				CLANG_WARN_INFINITE_RECURSION = YES;
				CLANG_WARN_INT_CONVERSION = YES;
				CLANG_WARN_NON_LITERAL_NULL_CONVERSION = YES;
				CLANG_WARN_OBJC_IMPLICIT_RETAIN_SELF = YES;
				CLANG_WARN_OBJC_LITERAL_CONVERSION = YES;
				CLANG_WARN_OBJC_ROOT_CLASS = YES_ERROR;
				CLANG_WARN_QUOTED_INCLUDE_IN_FRAMEWORK_HEADER = YES;
				CLANG_WARN_RANGE_LOOP_ANALYSIS = YES;
				CLANG_WARN_STRICT_PROTOTYPES = YES;
				CLANG_WARN_SUSPICIOUS_MOVE = YES;
				CLANG_WARN_UNGUARDED_AVAILABILITY = YES_AGGRESSIVE;
				CLANG_WARN_UNREACHABLE_CODE = YES;
				CLANG_WARN__DUPLICATE_METHOD_MATCH = YES;
				COPY_PHASE_STRIP = NO;
				DEBUG_INFORMATION_FORMAT = dwarf;
				ENABLE_STRICT_OBJC_MSGSEND = YES;
				ENABLE_TESTABILITY = YES;
				GCC_C_LANGUAGE_STANDARD = gnu11;
				GCC_DYNAMIC_NO_PIC = NO;
				GCC_NO_COMMON_BLOCKS = YES;
				GCC_OPTIMIZATION_LEVEL = 0;
				GCC_PREPROCESSOR_DEFINITIONS = (
					"DEBUG=1",
					"$(inherited)",
				);
				GCC_WARN_64_TO_32_BIT_CONVERSION = YES;
				GCC_WARN_ABOUT_RETURN_TYPE = YES_ERROR;
				GCC_WARN_UNDECLARED_SELECTOR = YES;
				GCC_WARN_UNINITIALIZED_AUTOS = YES_AGGRESSIVE;
				GCC_WARN_UNUSED_FUNCTION = YES;
				GCC_WARN_UNUSED_VARIABLE = YES;
				IPHONEOS_DEPLOYMENT_TARGET = 16.1;
				MTL_ENABLE_DEBUG_INFO = INCLUDE_SOURCE;
				MTL_FAST_MATH = YES;
				ONLY_ACTIVE_ARCH = YES;
				SDKROOT = iphoneos;
				SWIFT_ACTIVE_COMPILATION_CONDITIONS = DEBUG;
				SWIFT_OPTIMIZATION_LEVEL = "-Onone";
			};
			name = Debug;
		};
		5F028CCD291651F000C15C7C /* Release */ = {
			isa = XCBuildConfiguration;
			buildSettings = {
				ALWAYS_SEARCH_USER_PATHS = NO;
				CLANG_ANALYZER_NONNULL = YES;
				CLANG_ANALYZER_NUMBER_OBJECT_CONVERSION = YES_AGGRESSIVE;
				CLANG_CXX_LANGUAGE_STANDARD = "gnu++20";
				CLANG_ENABLE_MODULES = YES;
				CLANG_ENABLE_OBJC_ARC = YES;
				CLANG_ENABLE_OBJC_WEAK = YES;
				CLANG_WARN_BLOCK_CAPTURE_AUTORELEASING = YES;
				CLANG_WARN_BOOL_CONVERSION = YES;
				CLANG_WARN_COMMA = YES;
				CLANG_WARN_CONSTANT_CONVERSION = YES;
				CLANG_WARN_DEPRECATED_OBJC_IMPLEMENTATIONS = YES;
				CLANG_WARN_DIRECT_OBJC_ISA_USAGE = YES_ERROR;
				CLANG_WARN_DOCUMENTATION_COMMENTS = YES;
				CLANG_WARN_EMPTY_BODY = YES;
				CLANG_WARN_ENUM_CONVERSION = YES;
				CLANG_WARN_INFINITE_RECURSION = YES;
				CLANG_WARN_INT_CONVERSION = YES;
				CLANG_WARN_NON_LITERAL_NULL_CONVERSION = YES;
				CLANG_WARN_OBJC_IMPLICIT_RETAIN_SELF = YES;
				CLANG_WARN_OBJC_LITERAL_CONVERSION = YES;
				CLANG_WARN_OBJC_ROOT_CLASS = YES_ERROR;
				CLANG_WARN_QUOTED_INCLUDE_IN_FRAMEWORK_HEADER = YES;
				CLANG_WARN_RANGE_LOOP_ANALYSIS = YES;
				CLANG_WARN_STRICT_PROTOTYPES = YES;
				CLANG_WARN_SUSPICIOUS_MOVE = YES;
				CLANG_WARN_UNGUARDED_AVAILABILITY = YES_AGGRESSIVE;
				CLANG_WARN_UNREACHABLE_CODE = YES;
				CLANG_WARN__DUPLICATE_METHOD_MATCH = YES;
				COPY_PHASE_STRIP = NO;
				DEBUG_INFORMATION_FORMAT = "dwarf-with-dsym";
				ENABLE_NS_ASSERTIONS = NO;
				ENABLE_STRICT_OBJC_MSGSEND = YES;
				GCC_C_LANGUAGE_STANDARD = gnu11;
				GCC_NO_COMMON_BLOCKS = YES;
				GCC_WARN_64_TO_32_BIT_CONVERSION = YES;
				GCC_WARN_ABOUT_RETURN_TYPE = YES_ERROR;
				GCC_WARN_UNDECLARED_SELECTOR = YES;
				GCC_WARN_UNINITIALIZED_AUTOS = YES_AGGRESSIVE;
				GCC_WARN_UNUSED_FUNCTION = YES;
				GCC_WARN_UNUSED_VARIABLE = YES;
				IPHONEOS_DEPLOYMENT_TARGET = 16.1;
				MTL_ENABLE_DEBUG_INFO = NO;
				MTL_FAST_MATH = YES;
				SDKROOT = iphoneos;
				SWIFT_COMPILATION_MODE = wholemodule;
				SWIFT_OPTIMIZATION_LEVEL = "-O";
				VALIDATE_PRODUCT = YES;
			};
			name = Release;
		};
		5F028CCF291651F000C15C7C /* Debug */ = {
			isa = XCBuildConfiguration;
			buildSettings = {
				ASSETCATALOG_COMPILER_APPICON_NAME = AppIcon;
				ASSETCATALOG_COMPILER_GLOBAL_ACCENT_COLOR_NAME = AccentColor;
				CODE_SIGN_STYLE = Automatic;
				CURRENT_PROJECT_VERSION = 1;
				DEVELOPMENT_TEAM = 4RJ3J5RA5L;
				GENERATE_INFOPLIST_FILE = YES;
				INFOPLIST_FILE = LogInHomeWork6/App/Info.plist;
				INFOPLIST_KEY_UIApplicationSupportsIndirectInputEvents = YES;
				INFOPLIST_KEY_UILaunchStoryboardName = LaunchScreen;
				INFOPLIST_KEY_UIMainStoryboardFile = Main;
				INFOPLIST_KEY_UISupportedInterfaceOrientations = UIInterfaceOrientationPortrait;
				INFOPLIST_KEY_UISupportedInterfaceOrientations_iPad = "UIInterfaceOrientationLandscapeLeft UIInterfaceOrientationLandscapeRight UIInterfaceOrientationPortrait UIInterfaceOrientationPortraitUpsideDown";
				LD_RUNPATH_SEARCH_PATHS = (
					"$(inherited)",
					"@executable_path/Frameworks",
				);
				MARKETING_VERSION = 1.0;
				PRODUCT_BUNDLE_IDENTIFIER = com.alishermalikov.LogInHomeWork6;
				PRODUCT_NAME = "$(TARGET_NAME)";
				SUPPORTED_PLATFORMS = "iphoneos iphonesimulator";
				SUPPORTS_MACCATALYST = NO;
				SUPPORTS_MAC_DESIGNED_FOR_IPHONE_IPAD = NO;
				SWIFT_EMIT_LOC_STRINGS = YES;
				SWIFT_VERSION = 5.0;
				TARGETED_DEVICE_FAMILY = 1;
			};
			name = Debug;
		};
		5F028CD0291651F000C15C7C /* Release */ = {
			isa = XCBuildConfiguration;
			buildSettings = {
				ASSETCATALOG_COMPILER_APPICON_NAME = AppIcon;
				ASSETCATALOG_COMPILER_GLOBAL_ACCENT_COLOR_NAME = AccentColor;
				CODE_SIGN_STYLE = Automatic;
				CURRENT_PROJECT_VERSION = 1;
				DEVELOPMENT_TEAM = 4RJ3J5RA5L;
				GENERATE_INFOPLIST_FILE = YES;
				INFOPLIST_FILE = LogInHomeWork6/App/Info.plist;
				INFOPLIST_KEY_UIApplicationSupportsIndirectInputEvents = YES;
				INFOPLIST_KEY_UILaunchStoryboardName = LaunchScreen;
				INFOPLIST_KEY_UIMainStoryboardFile = Main;
				INFOPLIST_KEY_UISupportedInterfaceOrientations = UIInterfaceOrientationPortrait;
				INFOPLIST_KEY_UISupportedInterfaceOrientations_iPad = "UIInterfaceOrientationLandscapeLeft UIInterfaceOrientationLandscapeRight UIInterfaceOrientationPortrait UIInterfaceOrientationPortraitUpsideDown";
				LD_RUNPATH_SEARCH_PATHS = (
					"$(inherited)",
					"@executable_path/Frameworks",
				);
				MARKETING_VERSION = 1.0;
				PRODUCT_BUNDLE_IDENTIFIER = com.alishermalikov.LogInHomeWork6;
				PRODUCT_NAME = "$(TARGET_NAME)";
				SUPPORTED_PLATFORMS = "iphoneos iphonesimulator";
				SUPPORTS_MACCATALYST = NO;
				SUPPORTS_MAC_DESIGNED_FOR_IPHONE_IPAD = NO;
				SWIFT_EMIT_LOC_STRINGS = YES;
				SWIFT_VERSION = 5.0;
				TARGETED_DEVICE_FAMILY = 1;
			};
			name = Release;
		};
/* End XCBuildConfiguration section */

/* Begin XCConfigurationList section */
		5F028CB5291651EF00C15C7C /* Build configuration list for PBXProject "LogInHomeWork6" */ = {
			isa = XCConfigurationList;
			buildConfigurations = (
				5F028CCC291651F000C15C7C /* Debug */,
				5F028CCD291651F000C15C7C /* Release */,
			);
			defaultConfigurationIsVisible = 0;
			defaultConfigurationName = Release;
		};
		5F028CCE291651F000C15C7C /* Build configuration list for PBXNativeTarget "LogInHomeWork6" */ = {
			isa = XCConfigurationList;
			buildConfigurations = (
				5F028CCF291651F000C15C7C /* Debug */,
				5F028CD0291651F000C15C7C /* Release */,
			);
			defaultConfigurationIsVisible = 0;
			defaultConfigurationName = Release;
		};
/* End XCConfigurationList section */
	};
	rootObject = 5F028CB2291651EF00C15C7C /* Project object */;
}
